
Microsoft Visual Studio Solution File, Format Version 12.00
# Visual Studio Version 17
VisualStudioVersion = 17.14.36203.30
MinimumVisualStudioVersion = 10.0.40219.1
Project("{FAE04EC0-301F-11D3-BF4B-00C04F79EFBC}") = "ClassTask", "ClassTask\ClassTask.csproj", "{253EA844-C6B1-4A14-8C32-571B176DFE92}"
EndProject
Project("{FAE04EC0-301F-11D3-BF4B-00C04F79EFBC}") = "ClassTask.UnitTests", "ClassTask.UnitTests\ClassTask.UnitTests.csproj", "{6CE402D7-B7DB-4CAB-894F-231B5E762B14}"
EndProject
Project("{FAE04EC0-301F-11D3-BF4B-00C04F79EFBC}") = "ClassTask.IntegrationTests", "ClassTask.IntegrationTests\ClassTask.IntegrationTests.csproj", "{6AC73344-D791-4539-B863-A7C3DEBDF6A8}"
EndProject
Global
	GlobalSection(SolutionConfigurationPlatforms) = preSolution
		Debug|Any CPU = Debug|Any CPU
		Debug|x64 = Debug|x64
		Debug|x86 = Debug|x86
		Release|Any CPU = Release|Any CPU
		Release|x64 = Release|x64
		Release|x86 = Release|x86
	EndGlobalSection
	GlobalSection(ProjectConfigurationPlatforms) = postSolution
		{253EA844-C6B1-4A14-8C32-571B176DFE92}.Debug|Any CPU.ActiveCfg = Debug|Any CPU
		{253EA844-C6B1-4A14-8C32-571B176DFE92}.Debug|Any CPU.Build.0 = Debug|Any CPU
		{253EA844-C6B1-4A14-8C32-571B176DFE92}.Debug|x64.ActiveCfg = Debug|Any CPU
		{253EA844-C6B1-4A14-8C32-571B176DFE92}.Debug|x64.Build.0 = Debug|Any CPU
		{253EA844-C6B1-4A14-8C32-571B176DFE92}.Debug|x86.ActiveCfg = Debug|Any CPU
		{253EA844-C6B1-4A14-8C32-571B176DFE92}.Debug|x86.Build.0 = Debug|Any CPU
		{253EA844-C6B1-4A14-8C32-571B176DFE92}.Release|Any CPU.ActiveCfg = Release|Any CPU
		{253EA844-C6B1-4A14-8C32-571B176DFE92}.Release|Any CPU.Build.0 = Release|Any CPU
		{253EA844-C6B1-4A14-8C32-571B176DFE92}.Release|x64.ActiveCfg = Release|Any CPU
		{253EA844-C6B1-4A14-8C32-571B176DFE92}.Release|x64.Build.0 = Release|Any CPU
		{253EA844-C6B1-4A14-8C32-571B176DFE92}.Release|x86.ActiveCfg = Release|Any CPU
		{253EA844-C6B1-4A14-8C32-571B176DFE92}.Release|x86.Build.0 = Release|Any CPU
		{6CE402D7-B7DB-4CAB-894F-231B5E762B14}.Debug|Any CPU.ActiveCfg = Debug|Any CPU
		{6CE402D7-B7DB-4CAB-894F-231B5E762B14}.Debug|Any CPU.Build.0 = Debug|Any CPU
		{6CE402D7-B7DB-4CAB-894F-231B5E762B14}.Debug|x64.ActiveCfg = Debug|Any CPU
		{6CE402D7-B7DB-4CAB-894F-231B5E762B14}.Debug|x64.Build.0 = Debug|Any CPU
		{6CE402D7-B7DB-4CAB-894F-231B5E762B14}.Debug|x86.ActiveCfg = Debug|Any CPU
		{6CE402D7-B7DB-4CAB-894F-231B5E762B14}.Debug|x86.Build.0 = Debug|Any CPU
		{6CE402D7-B7DB-4CAB-894F-231B5E762B14}.Release|Any CPU.ActiveCfg = Release|Any CPU
		{6CE402D7-B7DB-4CAB-894F-231B5E762B14}.Release|Any CPU.Build.0 = Release|Any CPU
		{6CE402D7-B7DB-4CAB-894F-231B5E762B14}.Release|x64.ActiveCfg = Release|Any CPU
		{6CE402D7-B7DB-4CAB-894F-231B5E762B14}.Release|x64.Build.0 = Release|Any CPU
		{6CE402D7-B7DB-4CAB-894F-231B5E762B14}.Release|x86.ActiveCfg = Release|Any CPU
		{6CE402D7-B7DB-4CAB-894F-231B5E762B14}.Release|x86.Build.0 = Release|Any CPU
		{6AC73344-D791-4539-B863-A7C3DEBDF6A8}.Debug|Any CPU.ActiveCfg = Debug|Any CPU
		{6AC73344-D791-4539-B863-A7C3DEBDF6A8}.Debug|Any CPU.Build.0 = Debug|Any CPU
		{6AC73344-D791-4539-B863-A7C3DEBDF6A8}.Debug|x64.ActiveCfg = Debug|Any CPU
		{6AC73344-D791-4539-B863-A7C3DEBDF6A8}.Debug|x64.Build.0 = Debug|Any CPU
		{6AC73344-D791-4539-B863-A7C3DEBDF6A8}.Debug|x86.ActiveCfg = Debug|Any CPU
		{6AC73344-D791-4539-B863-A7C3DEBDF6A8}.Debug|x86.Build.0 = Debug|Any CPU
		{6AC73344-D791-4539-B863-A7C3DEBDF6A8}.Release|Any CPU.ActiveCfg = Release|Any CPU
		{6AC73344-D791-4539-B863-A7C3DEBDF6A8}.Release|Any CPU.Build.0 = Release|Any CPU
		{6AC73344-D791-4539-B863-A7C3DEBDF6A8}.Release|x64.ActiveCfg = Release|Any CPU
		{6AC73344-D791-4539-B863-A7C3DEBDF6A8}.Release|x64.Build.0 = Release|Any CPU
		{6AC73344-D791-4539-B863-A7C3DEBDF6A8}.Release|x86.ActiveCfg = Release|Any CPU
		{6AC73344-D791-4539-B863-A7C3DEBDF6A8}.Release|x86.Build.0 = Release|Any CPU
	EndGlobalSection
	GlobalSection(SolutionProperties) = preSolution
		HideSolutionNode = FALSE
	EndGlobalSection
	GlobalSection(ExtensibilityGlobals) = postSolution
		SolutionGuid = {15E86AC5-81F3-4FAC-B6B9-09120D352C1F}
	EndGlobalSection
EndGlobal
